{
	"name": "pkg",
	"version": "1.0.0",
	"lockfileVersion": 3,
	"requires": true,
	"packages": {
		"": {
			"name": "pkg",
			"version": "1.0.0",
			"license": "MIT",
			"dependencies": {
				"@gamex/cc-ecs": "^2.2.1",
				"@gamex/cc-sap": "^2.0.6"
			}
		},
		"node_modules/@gamex/cc-ecs": {
			"version": "2.2.1",
			"resolved": "https://registry.npmmirror.com/@gamex/cc-ecs/-/cc-ecs-2.2.1.tgz",
			"integrity": "sha512-RVifSsdhT3Id0Y1LDTxHYa7hUCUi21iJBKuFzXOHW9IhVtdXzd81QzIOseiXnwCSJvV8JuY8LP5eJ5MNSJjZbA==",
			"license": "MIT"
		},
		"node_modules/@gamex/cc-sap": {
			"version": "2.0.6",
			"resolved": "https://registry.npmmirror.com/@gamex/cc-sap/-/cc-sap-2.0.6.tgz",
			"integrity": "sha512-jl3mopLhHq2JVWFur6mvHUGjcdRdhWCAVEPIyH2vmBBjhqM6+11B5rkRwfHku6ep3hg31l/djH5pd9zBNYIZNg==",
			"license": "MIT"
		}
	}
}
